
Microsoft Visual Studio Solution File, Format Version 12.00
# Visual Studio Version 16
VisualStudioVersion = 16.0.29319.158
MinimumVisualStudioVersion = 10.0.40219.1
Project("{FAE04EC0-301F-11D3-BF4B-00C04F79EFBC}") = "BodyProgress", "BodyProgress.csproj", "{C5AD3425-ED57-4645-A3DC-7DBADA7644E4}"
EndProject
Global
	GlobalSection(SolutionConfigurationPlatforms) = preSolution
		Debug|Any CPU = Debug|Any CPU
		Release|Any CPU = Release|Any CPU
	EndGlobalSection
	GlobalSection(ProjectConfigurationPlatforms) = postSolution
		{C5AD3425-ED57-4645-A3DC-7DBADA7644E4}.Debug|Any CPU.ActiveCfg = Debug|Any CPU
		{C5AD3425-ED57-4645-A3DC-7DBADA7644E4}.Debug|Any CPU.Build.0 = Debug|Any CPU
		{C5AD3425-ED57-4645-A3DC-7DBADA7644E4}.Release|Any CPU.ActiveCfg = Release|Any CPU
		{C5AD3425-ED57-4645-A3DC-7DBADA7644E4}.Release|Any CPU.Build.0 = Release|Any CPU
	EndGlobalSection
	GlobalSection(SolutionProperties) = preSolution
		HideSolutionNode = FALSE
	EndGlobalSection
	GlobalSection(ExtensibilityGlobals) = postSolution
		SolutionGuid = {4CE77EB4-5AD0-4F18-ADE2-4EB1C8135C6C}
	EndGlobalSection
EndGlobal
